{
  "originHash" : "656efe21e935be670f6932ab61e869c05ef2ccebd0cafcf335e39a975020bd4b",
  "pins" : [
    {
      "identity" : "amplitude-swift",
      "kind" : "remoteSourceControl",
      "location" : "https://github.com/amplitude/Amplitude-Swift",
      "state" : {
        "branch" : "main",
        "revision" : "4097b2a7a0b8fc786c6feddc598f9f379de997af"
      }
    },
    {
      "identity" : "analytics-connector-ios",
      "kind" : "remoteSourceControl",
      "location" : "https://github.com/amplitude/analytics-connector-ios.git",
      "state" : {
        "revision" : "decb203b5ce0e06091bbc5040acbf24fa85ebdce",
        "version" : "1.3.0"
      }
    },
    {
      "identity" : "keyboardshortcuts",
      "kind" : "remoteSourceControl",
      "location" : "https://github.com/sindresorhus/KeyboardShortcuts",
      "state" : {
        "revision" : "c3c361f409b8dbe1eab186078b41c330a6a82c9a",
        "version" : "2.2.2"
      }
    },
    {
      "identity" : "sparkle",
      "kind" : "remoteSourceControl",
      "location" : "https://github.com/sparkle-project/Sparkle",
      "state" : {
        "revision" : "0ef1ee0220239b3776f433314515fd849025673f",
        "version" : "2.6.4"
      }
    }
  ],
  "version" : 3
}
